
Microsoft Visual Studio Solution File, Format Version 12.00
# Visual Studio Version 17
VisualStudioVersion = 17.2.32408.312
MinimumVisualStudioVersion = 10.0.40219.1
Project("{9A19103F-16F7-4668-BE54-9A1E7A4F7556}") = "DXMainClient", "DXMainClient\DXMainClient.csproj", "{97458C1E-2E6C-4C5C-93C7-16A6712802E9}"
	ProjectSection(ProjectDependencies) = postProject
		{2CD114E3-C30F-4A95-9B4A-455C2C8F82E5} = {2CD114E3-C30F-4A95-9B4A-455C2C8F82E5}
	EndProjectSection
EndProject
Project("{9A19103F-16F7-4668-BE54-9A1E7A4F7556}") = "ClientCore", "ClientCore\ClientCore.csproj", "{DAA331A7-FDAC-44FD-98B5-2DC5025F48C3}"
EndProject
Project("{9A19103F-16F7-4668-BE54-9A1E7A4F7556}") = "ClientGUI", "ClientGUI\ClientGUI.csproj", "{4C26AD04-FF2E-4465-9F40-DEB9DDC2C1D6}"
EndProject
Project("{9A19103F-16F7-4668-BE54-9A1E7A4F7556}") = "DTAConfig", "DTAConfig\DTAConfig.csproj", "{D517317D-8EA8-4225-AF9E-5385D8A7F047}"
EndProject
Project("{9A19103F-16F7-4668-BE54-9A1E7A4F7556}") = "Localization", "Localization\Localization.csproj", "{2CD114E3-C30F-4A95-9B4A-455C2C8F82E5}"
EndProject
Project("{2150E333-8FDC-42A3-9474-1A3956D46DE8}") = "Solution Items", "Solution Items", "{0F60E4A3-55C8-4C3F-BFC0-27C597433E8A}"
	ProjectSection(SolutionItems) = preProject
		.editorconfig = .editorconfig
		build\AfterPublish.targets = build\AfterPublish.targets
		build\CopyResources.targets = build\CopyResources.targets
		Directory.Build.props = Directory.Build.props
		Directory.Build.targets = Directory.Build.targets
		build\Framework.props = build\Framework.props
		build\VSCompatibleLayer.props = build\VSCompatibleLayer.props
		build\WinForms.props = build\WinForms.props
	EndProjectSection
EndProject
Project("{2150E333-8FDC-42A3-9474-1A3956D46DE8}") = "解决方案项", "解决方案项", "{E80C5059-D6EB-4F7E-AE40-C5DD8D12563B}"
EndProject
Global
	GlobalSection(SolutionConfigurationPlatforms) = preSolution
		AresWindowsDXDebug|Any CPU = AresWindowsDXDebug|Any CPU
		AresWindowsDXDebug|ARM64 = AresWindowsDXDebug|ARM64
		AresWindowsDXDebug|x64 = AresWindowsDXDebug|x64
		AresWindowsDXDebug|x86 = AresWindowsDXDebug|x86
		AresWindowsDXRelease|Any CPU = AresWindowsDXRelease|Any CPU
		AresWindowsDXRelease|ARM64 = AresWindowsDXRelease|ARM64
		AresWindowsDXRelease|x64 = AresWindowsDXRelease|x64
		AresWindowsDXRelease|x86 = AresWindowsDXRelease|x86
	EndGlobalSection
	GlobalSection(ProjectConfigurationPlatforms) = postSolution
		{97458C1E-2E6C-4C5C-93C7-16A6712802E9}.AresWindowsDXDebug|Any CPU.ActiveCfg = AresWindowsDXDebug|Any CPU
		{97458C1E-2E6C-4C5C-93C7-16A6712802E9}.AresWindowsDXDebug|Any CPU.Build.0 = AresWindowsDXDebug|Any CPU
		{97458C1E-2E6C-4C5C-93C7-16A6712802E9}.AresWindowsDXDebug|ARM64.ActiveCfg = AresWindowsDXDebug|ARM64
		{97458C1E-2E6C-4C5C-93C7-16A6712802E9}.AresWindowsDXDebug|ARM64.Build.0 = AresWindowsDXDebug|ARM64
		{97458C1E-2E6C-4C5C-93C7-16A6712802E9}.AresWindowsDXDebug|x64.ActiveCfg = AresWindowsDXDebug|x64
		{97458C1E-2E6C-4C5C-93C7-16A6712802E9}.AresWindowsDXDebug|x64.Build.0 = AresWindowsDXDebug|x64
		{97458C1E-2E6C-4C5C-93C7-16A6712802E9}.AresWindowsDXDebug|x86.ActiveCfg = AresWindowsDXDebug|x86
		{97458C1E-2E6C-4C5C-93C7-16A6712802E9}.AresWindowsDXDebug|x86.Build.0 = AresWindowsDXDebug|x86
		{97458C1E-2E6C-4C5C-93C7-16A6712802E9}.AresWindowsDXRelease|Any CPU.ActiveCfg = AresWindowsDXRelease|Any CPU
		{97458C1E-2E6C-4C5C-93C7-16A6712802E9}.AresWindowsDXRelease|Any CPU.Build.0 = AresWindowsDXRelease|Any CPU
		{97458C1E-2E6C-4C5C-93C7-16A6712802E9}.AresWindowsDXRelease|ARM64.ActiveCfg = AresWindowsDXRelease|ARM64
		{97458C1E-2E6C-4C5C-93C7-16A6712802E9}.AresWindowsDXRelease|ARM64.Build.0 = AresWindowsDXRelease|ARM64
		{97458C1E-2E6C-4C5C-93C7-16A6712802E9}.AresWindowsDXRelease|x64.ActiveCfg = AresWindowsDXRelease|x64
		{97458C1E-2E6C-4C5C-93C7-16A6712802E9}.AresWindowsDXRelease|x64.Build.0 = AresWindowsDXRelease|x64
		{97458C1E-2E6C-4C5C-93C7-16A6712802E9}.AresWindowsDXRelease|x86.ActiveCfg = AresWindowsDXRelease|x86
		{97458C1E-2E6C-4C5C-93C7-16A6712802E9}.AresWindowsDXRelease|x86.Build.0 = AresWindowsDXRelease|x86
		{DAA331A7-FDAC-44FD-98B5-2DC5025F48C3}.AresWindowsDXDebug|Any CPU.ActiveCfg = AresWindowsDXDebug|Any CPU
		{DAA331A7-FDAC-44FD-98B5-2DC5025F48C3}.AresWindowsDXDebug|Any CPU.Build.0 = AresWindowsDXDebug|Any CPU
		{DAA331A7-FDAC-44FD-98B5-2DC5025F48C3}.AresWindowsDXDebug|ARM64.ActiveCfg = AresWindowsDXDebug|ARM64
		{DAA331A7-FDAC-44FD-98B5-2DC5025F48C3}.AresWindowsDXDebug|ARM64.Build.0 = AresWindowsDXDebug|ARM64
		{DAA331A7-FDAC-44FD-98B5-2DC5025F48C3}.AresWindowsDXDebug|x64.ActiveCfg = AresWindowsDXDebug|x64
		{DAA331A7-FDAC-44FD-98B5-2DC5025F48C3}.AresWindowsDXDebug|x64.Build.0 = AresWindowsDXDebug|x64
		{DAA331A7-FDAC-44FD-98B5-2DC5025F48C3}.AresWindowsDXDebug|x86.ActiveCfg = AresWindowsDXDebug|x86
		{DAA331A7-FDAC-44FD-98B5-2DC5025F48C3}.AresWindowsDXDebug|x86.Build.0 = AresWindowsDXDebug|x86
		{DAA331A7-FDAC-44FD-98B5-2DC5025F48C3}.AresWindowsDXRelease|Any CPU.ActiveCfg = AresWindowsDXRelease|Any CPU
		{DAA331A7-FDAC-44FD-98B5-2DC5025F48C3}.AresWindowsDXRelease|Any CPU.Build.0 = AresWindowsDXRelease|Any CPU
		{DAA331A7-FDAC-44FD-98B5-2DC5025F48C3}.AresWindowsDXRelease|ARM64.ActiveCfg = AresWindowsDXRelease|ARM64
		{DAA331A7-FDAC-44FD-98B5-2DC5025F48C3}.AresWindowsDXRelease|ARM64.Build.0 = AresWindowsDXRelease|ARM64
		{DAA331A7-FDAC-44FD-98B5-2DC5025F48C3}.AresWindowsDXRelease|x64.ActiveCfg = AresWindowsDXRelease|x64
		{DAA331A7-FDAC-44FD-98B5-2DC5025F48C3}.AresWindowsDXRelease|x64.Build.0 = AresWindowsDXRelease|x64
		{DAA331A7-FDAC-44FD-98B5-2DC5025F48C3}.AresWindowsDXRelease|x86.ActiveCfg = AresWindowsDXRelease|x86
		{DAA331A7-FDAC-44FD-98B5-2DC5025F48C3}.AresWindowsDXRelease|x86.Build.0 = AresWindowsDXRelease|x86
		{4C26AD04-FF2E-4465-9F40-DEB9DDC2C1D6}.AresWindowsDXDebug|Any CPU.ActiveCfg = AresWindowsDXDebug|Any CPU
		{4C26AD04-FF2E-4465-9F40-DEB9DDC2C1D6}.AresWindowsDXDebug|Any CPU.Build.0 = AresWindowsDXDebug|Any CPU
		{4C26AD04-FF2E-4465-9F40-DEB9DDC2C1D6}.AresWindowsDXDebug|ARM64.ActiveCfg = AresWindowsDXDebug|ARM64
		{4C26AD04-FF2E-4465-9F40-DEB9DDC2C1D6}.AresWindowsDXDebug|ARM64.Build.0 = AresWindowsDXDebug|ARM64
		{4C26AD04-FF2E-4465-9F40-DEB9DDC2C1D6}.AresWindowsDXDebug|x64.ActiveCfg = AresWindowsDXDebug|x64
		{4C26AD04-FF2E-4465-9F40-DEB9DDC2C1D6}.AresWindowsDXDebug|x64.Build.0 = AresWindowsDXDebug|x64
		{4C26AD04-FF2E-4465-9F40-DEB9DDC2C1D6}.AresWindowsDXDebug|x86.ActiveCfg = AresWindowsDXDebug|x86
		{4C26AD04-FF2E-4465-9F40-DEB9DDC2C1D6}.AresWindowsDXDebug|x86.Build.0 = AresWindowsDXDebug|x86
		{4C26AD04-FF2E-4465-9F40-DEB9DDC2C1D6}.AresWindowsDXRelease|Any CPU.ActiveCfg = AresWindowsDXRelease|Any CPU
		{4C26AD04-FF2E-4465-9F40-DEB9DDC2C1D6}.AresWindowsDXRelease|Any CPU.Build.0 = AresWindowsDXRelease|Any CPU
		{4C26AD04-FF2E-4465-9F40-DEB9DDC2C1D6}.AresWindowsDXRelease|ARM64.ActiveCfg = AresWindowsDXRelease|ARM64
		{4C26AD04-FF2E-4465-9F40-DEB9DDC2C1D6}.AresWindowsDXRelease|ARM64.Build.0 = AresWindowsDXRelease|ARM64
		{4C26AD04-FF2E-4465-9F40-DEB9DDC2C1D6}.AresWindowsDXRelease|x64.ActiveCfg = AresWindowsDXRelease|x64
		{4C26AD04-FF2E-4465-9F40-DEB9DDC2C1D6}.AresWindowsDXRelease|x64.Build.0 = AresWindowsDXRelease|x64
		{4C26AD04-FF2E-4465-9F40-DEB9DDC2C1D6}.AresWindowsDXRelease|x86.ActiveCfg = AresWindowsDXRelease|x86
		{4C26AD04-FF2E-4465-9F40-DEB9DDC2C1D6}.AresWindowsDXRelease|x86.Build.0 = AresWindowsDXRelease|x86
		{D517317D-8EA8-4225-AF9E-5385D8A7F047}.AresWindowsDXDebug|Any CPU.ActiveCfg = AresWindowsDXDebug|Any CPU
		{D517317D-8EA8-4225-AF9E-5385D8A7F047}.AresWindowsDXDebug|Any CPU.Build.0 = AresWindowsDXDebug|Any CPU
		{D517317D-8EA8-4225-AF9E-5385D8A7F047}.AresWindowsDXDebug|ARM64.ActiveCfg = AresWindowsDXDebug|ARM64
		{D517317D-8EA8-4225-AF9E-5385D8A7F047}.AresWindowsDXDebug|ARM64.Build.0 = AresWindowsDXDebug|ARM64
		{D517317D-8EA8-4225-AF9E-5385D8A7F047}.AresWindowsDXDebug|x64.ActiveCfg = AresWindowsDXDebug|x64
		{D517317D-8EA8-4225-AF9E-5385D8A7F047}.AresWindowsDXDebug|x64.Build.0 = AresWindowsDXDebug|x64
		{D517317D-8EA8-4225-AF9E-5385D8A7F047}.AresWindowsDXDebug|x86.ActiveCfg = AresWindowsDXDebug|x86
		{D517317D-8EA8-4225-AF9E-5385D8A7F047}.AresWindowsDXDebug|x86.Build.0 = AresWindowsDXDebug|x86
		{D517317D-8EA8-4225-AF9E-5385D8A7F047}.AresWindowsDXRelease|Any CPU.ActiveCfg = AresWindowsDXRelease|Any CPU
		{D517317D-8EA8-4225-AF9E-5385D8A7F047}.AresWindowsDXRelease|Any CPU.Build.0 = AresWindowsDXRelease|Any CPU
		{D517317D-8EA8-4225-AF9E-5385D8A7F047}.AresWindowsDXRelease|ARM64.ActiveCfg = AresWindowsDXRelease|ARM64
		{D517317D-8EA8-4225-AF9E-5385D8A7F047}.AresWindowsDXRelease|ARM64.Build.0 = AresWindowsDXRelease|ARM64
		{D517317D-8EA8-4225-AF9E-5385D8A7F047}.AresWindowsDXRelease|x64.ActiveCfg = AresWindowsDXRelease|x64
		{D517317D-8EA8-4225-AF9E-5385D8A7F047}.AresWindowsDXRelease|x64.Build.0 = AresWindowsDXRelease|x64
		{D517317D-8EA8-4225-AF9E-5385D8A7F047}.AresWindowsDXRelease|x86.ActiveCfg = AresWindowsDXRelease|x86
		{D517317D-8EA8-4225-AF9E-5385D8A7F047}.AresWindowsDXRelease|x86.Build.0 = AresWindowsDXRelease|x86
		{2CD114E3-C30F-4A95-9B4A-455C2C8F82E5}.AresWindowsDXDebug|Any CPU.ActiveCfg = AresWindowsDXDebug|Any CPU
		{2CD114E3-C30F-4A95-9B4A-455C2C8F82E5}.AresWindowsDXDebug|Any CPU.Build.0 = AresWindowsDXDebug|Any CPU
		{2CD114E3-C30F-4A95-9B4A-455C2C8F82E5}.AresWindowsDXDebug|ARM64.ActiveCfg = AresWindowsDXDebug|ARM64
		{2CD114E3-C30F-4A95-9B4A-455C2C8F82E5}.AresWindowsDXDebug|ARM64.Build.0 = AresWindowsDXDebug|ARM64
		{2CD114E3-C30F-4A95-9B4A-455C2C8F82E5}.AresWindowsDXDebug|x64.ActiveCfg = AresWindowsDXDebug|x64
		{2CD114E3-C30F-4A95-9B4A-455C2C8F82E5}.AresWindowsDXDebug|x64.Build.0 = AresWindowsDXDebug|x64
		{2CD114E3-C30F-4A95-9B4A-455C2C8F82E5}.AresWindowsDXDebug|x86.ActiveCfg = AresWindowsDXDebug|x86
		{2CD114E3-C30F-4A95-9B4A-455C2C8F82E5}.AresWindowsDXDebug|x86.Build.0 = AresWindowsDXDebug|x86
		{2CD114E3-C30F-4A95-9B4A-455C2C8F82E5}.AresWindowsDXRelease|Any CPU.ActiveCfg = AresWindowsDXRelease|Any CPU
		{2CD114E3-C30F-4A95-9B4A-455C2C8F82E5}.AresWindowsDXRelease|Any CPU.Build.0 = AresWindowsDXRelease|Any CPU
		{2CD114E3-C30F-4A95-9B4A-455C2C8F82E5}.AresWindowsDXRelease|ARM64.ActiveCfg = AresWindowsDXRelease|ARM64
		{2CD114E3-C30F-4A95-9B4A-455C2C8F82E5}.AresWindowsDXRelease|ARM64.Build.0 = AresWindowsDXRelease|ARM64
		{2CD114E3-C30F-4A95-9B4A-455C2C8F82E5}.AresWindowsDXRelease|x64.ActiveCfg = AresWindowsDXRelease|x64
		{2CD114E3-C30F-4A95-9B4A-455C2C8F82E5}.AresWindowsDXRelease|x64.Build.0 = AresWindowsDXRelease|x64
		{2CD114E3-C30F-4A95-9B4A-455C2C8F82E5}.AresWindowsDXRelease|x86.ActiveCfg = AresWindowsDXRelease|x86
		{2CD114E3-C30F-4A95-9B4A-455C2C8F82E5}.AresWindowsDXRelease|x86.Build.0 = AresWindowsDXRelease|x86
	EndGlobalSection
	GlobalSection(SolutionProperties) = preSolution
		HideSolutionNode = FALSE
	EndGlobalSection
	GlobalSection(ExtensibilityGlobals) = postSolution
		SolutionGuid = {524B40FE-44F2-419A-B6D3-F9F0F813101F}
	EndGlobalSection
EndGlobal
